
Microsoft Visual Studio Solution File, Format Version 12.00
Project("{FAE04EC0-301F-11D3-BF4B-00C04F79EFBC}") = "la-mia-pizzeria-crud-webapi", "la-mia-pizzeria-crud-webapi.csproj", "{9351921F-6F4D-4852-A980-F7D58FBD5369}"
EndProject
Global
	GlobalSection(SolutionConfigurationPlatforms) = preSolution
		Debug|Any CPU = Debug|Any CPU
		Release|Any CPU = Release|Any CPU
	EndGlobalSection
	GlobalSection(ProjectConfigurationPlatforms) = postSolution
		{9351921F-6F4D-4852-A980-F7D58FBD5369}.Debug|Any CPU.ActiveCfg = Debug|Any CPU
		{9351921F-6F4D-4852-A980-F7D58FBD5369}.Debug|Any CPU.Build.0 = Debug|Any CPU
		{9351921F-6F4D-4852-A980-F7D58FBD5369}.Release|Any CPU.ActiveCfg = Release|Any CPU
		{9351921F-6F4D-4852-A980-F7D58FBD5369}.Release|Any CPU.Build.0 = Release|Any CPU
	EndGlobalSection
EndGlobal
